{
  "version": 4,
  "terraform_version": "1.8.5",
  "serial": 14,
  "lineage": "cb085b42-bb68-c7e2-a4fa-8656074efb64",
  "outputs": {
    "eks_cluster_endpoint": {
      "value": "https://A23E438E7BF13A2634772B90F81B73CC.gr7.us-east-1.eks.amazonaws.com",
      "type": "string"
    },
    "eks_cluster_name": {
      "value": "my-eks-cluster",
      "type": "string"
    }
  },
  "resources": [
    {
      "module": "module.eks",
      "mode": "managed",
      "type": "aws_eks_cluster",
      "name": "eks",
      "provider": "provider[\"registry.terraform.io/hashicorp/aws\"]",
      "instances": [
        {
          "schema_version": 1,
          "attributes": {
            "access_config": [
              {
                "authentication_mode": "CONFIG_MAP",
                "bootstrap_cluster_creator_admin_permissions": true
              }
            ],
            "arn": "arn:aws:eks:us-east-1:390402557273:cluster/my-eks-cluster",
            "bootstrap_self_managed_addons": true,
            "certificate_authority": [
              {
                "data": "LS0tLS1CRUdJTiBDRVJUSUZJQ0FURS0tLS0tCk1JSURCVENDQWUyZ0F3SUJBZ0lJQWlYbDdINHBYQ1F3RFFZSktvWklodmNOQVFFTEJRQXdGVEVUTUJFR0ExVUUKQXhNS2EzVmlaWEp1WlhSbGN6QWVGdzB5TkRBNU1qY3hOVEF5TWpGYUZ3MHpOREE1TWpVeE5UQTNNakZhTUJVeApFekFSQmdOVkJBTVRDbXQxWW1WeWJtVjBaWE13Z2dFaU1BMEdDU3FHU0liM0RRRUJBUVVBQTRJQkR3QXdnZ0VLCkFvSUJBUURUYVRyTEVJdE10SVl1eGNLWWNmOW1JMDNlTVE5SEpCRVlyT09NMlhzMHpqbll2TGhzaDdIQ3RWYngKVFpRK2p0YUZrLzh2N0lRMHJMMmlZTXdQdVptbE5TYTJYQ01Hb1BDczg0SkN3b0NkK3ZYOFRjU1FIQlNMTnorTQpMT0owLzBWVEJzRDZtbXJ4QnZsRVFsM3o0R0pReFNHcGduT3VSWVhsK0Voa2JCL0FDOTZhZXJPYUQ5NzMxWkE2CmplT0lCaDFERnpjNVhqVjRnZ3ZDMXNxTVRKem4zSElVcXFTdVAyRSsyTVZaSjM0eUljMGRTV1VvTU1vd0JTcmEKMHVvRnlFVHEwdzFjbm9rVXFocEo5TlhaT2NyOXNyaTFNcFNxWEpPMC9vcVRDWGpQQ09BTG8vRWtWeHJnbVFqeQpKaHVuSFd0WXJkcjgwTWk0ZkFmb2RBVHZGb1dmQWdNQkFBR2pXVEJYTUE0R0ExVWREd0VCL3dRRUF3SUNwREFQCkJnTlZIUk1CQWY4RUJUQURBUUgvTUIwR0ExVWREZ1FXQkJUNjF1YStiTFlwTUdCSWxsS0o4YWpYZ2I5aGx6QVYKQmdOVkhSRUVEakFNZ2dwcmRXSmxjbTVsZEdWek1BMEdDU3FHU0liM0RRRUJDd1VBQTRJQkFRQy9KYmVDd2lMMgprUUE4SXVtMCsxNGFVeWdCUkdsRUV5MldHMUpTekpESnhVMUM0VElBanRocGgzZnFkWEsrZWltTlpIdTBWRndPCll4MDNpTDZ5UzF4ekVGcVNFdXRZT2dvTDQxRzB1ZGhsS0d0U2xvSDgyVm9seDV4clliY2lmOXlwSmpWYU85bzAKdFRCeFUraUZ3OEMzUFc3RXVlczAzeWVuQnF2MkloNzVzbWordnJGZkZvMjZnNURPU1d5TWxHaHViRkFZRmwzUwp4aWo5LzBEZDF1ZUhGMEZpNTd3RUdreUxxOG0wbWxTS2VKWi8rS3pvZlZCQWlXdDYrdklOakhId2xGWmxPdkRVCkRDNFZ0dlprZTJlOGtSaFFDN1BNVlZwWk1zRE5qT2NkQ3pDUERlWSt0TWtwcTl2YTM0T3Z5dkdheHpuNXkxeCsKd0lOQkFNdVJNN0prCi0tLS0tRU5EIENFUlRJRklDQVRFLS0tLS0K"
              }
            ],
            "cluster_id": null,
            "created_at": "2024-09-27T15:02:23Z",
            "enabled_cluster_log_types": [],
            "encryption_config": [],
            "endpoint": "https://A23E438E7BF13A2634772B90F81B73CC.gr7.us-east-1.eks.amazonaws.com",
            "id": "my-eks-cluster",
            "identity": [
              {
                "oidc": [
                  {
                    "issuer": "https://oidc.eks.us-east-1.amazonaws.com/id/A23E438E7BF13A2634772B90F81B73CC"
                  }
                ]
              }
            ],
            "kubernetes_network_config": [
              {
                "ip_family": "ipv4",
                "service_ipv4_cidr": "172.20.0.0/16",
                "service_ipv6_cidr": ""
              }
            ],
            "name": "my-eks-cluster",
            "outpost_config": [],
            "platform_version": "eks.8",
            "role_arn": "arn:aws:iam::390402557273:role/my-eks-cluster-eks-role",
            "status": "ACTIVE",
            "tags": {},
            "tags_all": {},
            "timeouts": null,
            "upgrade_policy": [
              {
                "support_type": "EXTENDED"
              }
            ],
            "version": "1.30",
            "vpc_config": [
              {
                "cluster_security_group_id": "sg-0acd6649b761d65de",
                "endpoint_private_access": false,
                "endpoint_public_access": true,
                "public_access_cidrs": [
                  "0.0.0.0/0"
                ],
                "security_group_ids": [],
                "subnet_ids": [
                  "subnet-0c48badc21aa8d83c",
                  "subnet-0d58569203d5ccf13"
                ],
                "vpc_id": "vpc-041e0d086db6051f3"
              }
            ]
          },
          "sensitive_attributes": [],
          "private": "eyJlMmJmYjczMC1lY2FhLTExZTYtOGY4OC0zNDM2M2JjN2M0YzAiOnsiY3JlYXRlIjoxODAwMDAwMDAwMDAwLCJkZWxldGUiOjkwMDAwMDAwMDAwMCwidXBkYXRlIjozNjAwMDAwMDAwMDAwfSwic2NoZW1hX3ZlcnNpb24iOiIxIn0=",
          "dependencies": [
            "module.iam.aws_iam_role.eks_role",
            "module.network.aws_subnet.subnet",
            "module.network.aws_vpc.vpc"
          ]
        }
      ]
    },
    {
      "module": "module.eks",
      "mode": "managed",
      "type": "aws_eks_node_group",
      "name": "eks_nodes",
      "provider": "provider[\"registry.terraform.io/hashicorp/aws\"]",
      "instances": [
        {
          "status": "tainted",
          "schema_version": 0,
          "attributes": {
            "ami_type": null,
            "arn": null,
            "capacity_type": null,
            "cluster_name": "my-eks-cluster",
            "disk_size": null,
            "force_update_version": null,
            "id": "my-eks-cluster:my-eks-cluster-node-group",
            "instance_types": [
              "t3.micro"
            ],
            "labels": null,
            "launch_template": [],
            "node_group_name": "my-eks-cluster-node-group",
            "node_group_name_prefix": null,
            "node_role_arn": "arn:aws:iam::390402557273:role/my-eks-cluster-node-role",
            "release_version": null,
            "remote_access": [],
            "resources": null,
            "scaling_config": [
              {
                "desired_size": 2,
                "max_size": 3,
                "min_size": 1
              }
            ],
            "status": null,
            "subnet_ids": [
              "subnet-0c48badc21aa8d83c",
              "subnet-0d58569203d5ccf13"
            ],
            "tags": null,
            "tags_all": null,
            "taint": [],
            "timeouts": null,
            "update_config": null,
            "version": null
          },
          "sensitive_attributes": [],
          "private": "eyJlMmJmYjczMC1lY2FhLTExZTYtOGY4OC0zNDM2M2JjN2M0YzAiOnsiY3JlYXRlIjozNjAwMDAwMDAwMDAwLCJkZWxldGUiOjM2MDAwMDAwMDAwMDAsInVwZGF0ZSI6MzYwMDAwMDAwMDAwMH19",
          "dependencies": [
            "module.eks.aws_eks_cluster.eks",
            "module.iam.aws_iam_role.eks_role",
            "module.iam.aws_iam_role.node_role",
            "module.network.aws_subnet.subnet",
            "module.network.aws_vpc.vpc"
          ]
        }
      ]
    },
    {
      "module": "module.iam",
      "mode": "managed",
      "type": "aws_iam_policy",
      "name": "eks_policy",
      "provider": "provider[\"registry.terraform.io/hashicorp/aws\"]",
      "instances": [
        {
          "schema_version": 0,
          "attributes": {
            "arn": "arn:aws:iam::390402557273:policy/my-eks-policy",
            "attachment_count": 0,
            "description": "EKS policy",
            "id": "arn:aws:iam::390402557273:policy/my-eks-policy",
            "name": "my-eks-policy",
            "name_prefix": "",
            "path": "/",
            "policy": "{\"Statement\":[{\"Action\":[\"ec2:CreateNetworkInterface\",\"ec2:DeleteNetworkInterface\",\"ec2:DetachNetworkInterface\",\"ec2:ModifyNetworkInterfaceAttribute\",\"ec2:DescribeInstances\",\"ec2:DescribeNetworkInterfaces\",\"ec2:DescribeSecurityGroups\",\"ec2:DescribeSubnets\",\"ec2:DescribeVpcs\",\"ec2:CreateNetworkInterfacePermission\",\"iam:ListAttachedRolePolicies\",\"ec2:CreateSecurityGroup\"],\"Effect\":\"Allow\",\"Resource\":\"*\"},{\"Action\":[\"ec2:DeleteSecurityGroup\",\"ec2:RevokeSecurityGroupIngress\",\"ec2:AuthorizeSecurityGroupIngress\"],\"Condition\":{\"ForAnyValue:StringLike\":{\"ec2:ResourceTag/Name\":\"eks-cluster-sg*\"}},\"Effect\":\"Allow\",\"Resource\":\"arn:aws:ec2:*:*:security-group/*\"},{\"Action\":[\"ec2:CreateTags\",\"ec2:DeleteTags\"],\"Condition\":{\"ForAnyValue:StringLike\":{\"aws:TagKeys\":[\"kubernetes.io/cluster/*\"]}},\"Effect\":\"Allow\",\"Resource\":[\"arn:aws:ec2:*:*:vpc/*\",\"arn:aws:ec2:*:*:subnet/*\"]},{\"Action\":[\"ec2:CreateTags\",\"ec2:DeleteTags\"],\"Condition\":{\"ForAnyValue:StringLike\":{\"aws:RequestTag/Name\":\"eks-cluster-sg*\",\"aws:TagKeys\":[\"kubernetes.io/cluster/*\"]}},\"Effect\":\"Allow\",\"Resource\":[\"arn:aws:ec2:*:*:security-group/*\"]},{\"Action\":\"route53:AssociateVPCWithHostedZone\",\"Effect\":\"Allow\",\"Resource\":\"arn:aws:route53:::hostedzone/*\"},{\"Action\":\"logs:CreateLogGroup\",\"Effect\":\"Allow\",\"Resource\":\"arn:aws:logs:*:*:log-group:/aws/eks/*\"},{\"Action\":[\"logs:CreateLogStream\",\"logs:DescribeLogStreams\"],\"Effect\":\"Allow\",\"Resource\":\"arn:aws:logs:*:*:log-group:/aws/eks/*:*\"},{\"Action\":\"logs:PutLogEvents\",\"Effect\":\"Allow\",\"Resource\":\"arn:aws:logs:*:*:log-group:/aws/eks/*:*:*\"}],\"Version\":\"2012-10-17\"}",
            "policy_id": "ANPAVVZOOIVM75F4TTNLM",
            "tags": null,
            "tags_all": {}
          },
          "sensitive_attributes": [],
          "private": "bnVsbA=="
        }
      ]
    },
    {
      "module": "module.iam",
      "mode": "managed",
      "type": "aws_iam_policy",
      "name": "node_policy",
      "provider": "provider[\"registry.terraform.io/hashicorp/aws\"]",
      "instances": [
        {
          "schema_version": 0,
          "attributes": {
            "arn": "arn:aws:iam::390402557273:policy/my-node-policy",
            "attachment_count": 0,
            "description": "Node policy",
            "id": "arn:aws:iam::390402557273:policy/my-node-policy",
            "name": "my-node-policy",
            "name_prefix": "",
            "path": "/",
            "policy": "{\"Statement\":[{\"Action\":[\"ec2:RevokeSecurityGroupIngress\",\"ec2:AuthorizeSecurityGroupEgress\",\"ec2:AuthorizeSecurityGroupIngress\",\"ec2:DescribeInstances\",\"ec2:RevokeSecurityGroupEgress\",\"ec2:DeleteSecurityGroup\"],\"Condition\":{\"StringLike\":{\"ec2:ResourceTag/eks\":\"*\"}},\"Effect\":\"Allow\",\"Resource\":\"*\",\"Sid\":\"SharedSecurityGroupRelatedPermissions\"},{\"Action\":[\"ec2:RevokeSecurityGroupIngress\",\"ec2:AuthorizeSecurityGroupEgress\",\"ec2:AuthorizeSecurityGroupIngress\",\"ec2:DescribeInstances\",\"ec2:RevokeSecurityGroupEgress\",\"ec2:DeleteSecurityGroup\"],\"Condition\":{\"StringLike\":{\"ec2:ResourceTag/eks:nodegroup-name\":\"*\"}},\"Effect\":\"Allow\",\"Resource\":\"*\",\"Sid\":\"EKSCreatedSecurityGroupRelatedPermissions\"},{\"Action\":[\"ec2:DeleteLaunchTemplate\",\"ec2:CreateLaunchTemplateVersion\"],\"Condition\":{\"StringLike\":{\"ec2:ResourceTag/eks:nodegroup-name\":\"*\"}},\"Effect\":\"Allow\",\"Resource\":\"*\",\"Sid\":\"LaunchTemplateRelatedPermissions\"},{\"Action\":[\"autoscaling:UpdateAutoScalingGroup\",\"autoscaling:DeleteAutoScalingGroup\",\"autoscaling:TerminateInstanceInAutoScalingGroup\",\"autoscaling:CompleteLifecycleAction\",\"autoscaling:PutLifecycleHook\",\"autoscaling:PutNotificationConfiguration\",\"autoscaling:EnableMetricsCollection\",\"autoscaling:PutScheduledUpdateGroupAction\",\"autoscaling:ResumeProcesses\",\"autoscaling:SuspendProcesses\"],\"Effect\":\"Allow\",\"Resource\":\"arn:aws:autoscaling:*:*:*:autoScalingGroupName/eks-*\",\"Sid\":\"AutoscalingRelatedPermissions\"},{\"Action\":\"iam:CreateServiceLinkedRole\",\"Condition\":{\"StringEquals\":{\"iam:AWSServiceName\":\"autoscaling.amazonaws.com\"}},\"Effect\":\"Allow\",\"Resource\":\"*\",\"Sid\":\"AllowAutoscalingToCreateSLR\"},{\"Action\":[\"autoscaling:CreateOrUpdateTags\",\"autoscaling:CreateAutoScalingGroup\"],\"Condition\":{\"ForAnyValue:StringEquals\":{\"aws:TagKeys\":[\"eks\",\"eks:cluster-name\",\"eks:nodegroup-name\"]}},\"Effect\":\"Allow\",\"Resource\":\"*\",\"Sid\":\"AllowASGCreationByEKS\"},{\"Action\":\"iam:PassRole\",\"Condition\":{\"StringEquals\":{\"iam:PassedToService\":\"autoscaling.amazonaws.com\"}},\"Effect\":\"Allow\",\"Resource\":\"*\",\"Sid\":\"AllowPassRoleToAutoscaling\"},{\"Action\":\"iam:PassRole\",\"Condition\":{\"StringEqualsIfExists\":{\"iam:PassedToService\":[\"ec2.amazonaws.com\"]}},\"Effect\":\"Allow\",\"Resource\":\"*\",\"Sid\":\"AllowPassRoleToEC2\"},{\"Action\":[\"iam:GetRole\",\"ec2:CreateLaunchTemplate\",\"ec2:DescribeInstances\",\"iam:GetInstanceProfile\",\"ec2:DescribeLaunchTemplates\",\"autoscaling:DescribeAutoScalingGroups\",\"ec2:CreateSecurityGroup\",\"ec2:DescribeLaunchTemplateVersions\",\"ec2:RunInstances\",\"ec2:DescribeSecurityGroups\",\"ec2:GetConsoleOutput\",\"ec2:DescribeRouteTables\",\"ec2:DescribeSubnets\",\"ec2:DescribeCapacityReservations\"],\"Effect\":\"Allow\",\"Resource\":\"*\",\"Sid\":\"PermissionsToManageResourcesForNodegroups\"},{\"Action\":[\"iam:CreateInstanceProfile\",\"iam:DeleteInstanceProfile\",\"iam:RemoveRoleFromInstanceProfile\",\"iam:AddRoleToInstanceProfile\"],\"Effect\":\"Allow\",\"Resource\":\"arn:aws:iam::*:instance-profile/eks-*\",\"Sid\":\"PermissionsToCreateAndManageInstanceProfiles\"},{\"Action\":[\"ec2:CreateTags\",\"ec2:DeleteTags\"],\"Condition\":{\"ForAnyValue:StringLike\":{\"aws:TagKeys\":[\"eks\",\"eks:cluster-name\",\"eks:nodegroup-name\",\"kubernetes.io/cluster/*\"]}},\"Effect\":\"Allow\",\"Resource\":\"*\",\"Sid\":\"PermissionsToManageEKSAndKubernetesTags\"}],\"Version\":\"2012-10-17\"}",
            "policy_id": "ANPAVVZOOIVMYPESITBDS",
            "tags": null,
            "tags_all": {}
          },
          "sensitive_attributes": [],
          "private": "bnVsbA=="
        }
      ]
    },
    {
      "module": "module.iam",
      "mode": "managed",
      "type": "aws_iam_role",
      "name": "eks_role",
      "provider": "provider[\"registry.terraform.io/hashicorp/aws\"]",
      "instances": [
        {
          "schema_version": 0,
          "attributes": {
            "arn": "arn:aws:iam::390402557273:role/my-eks-cluster-eks-role",
            "assume_role_policy": "{\"Statement\":[{\"Action\":\"sts:AssumeRole\",\"Effect\":\"Allow\",\"Principal\":{\"Service\":\"eks.amazonaws.com\"}}],\"Version\":\"2012-10-17\"}",
            "create_date": "2024-09-27T15:02:17Z",
            "description": "",
            "force_detach_policies": false,
            "id": "my-eks-cluster-eks-role",
            "inline_policy": [],
            "managed_policy_arns": [],
            "max_session_duration": 3600,
            "name": "my-eks-cluster-eks-role",
            "name_prefix": "",
            "path": "/",
            "permissions_boundary": "",
            "tags": {},
            "tags_all": {},
            "unique_id": "AROAVVZOOIVMTLSATVWOV"
          },
          "sensitive_attributes": [],
          "private": "bnVsbA=="
        }
      ]
    },
    {
      "module": "module.iam",
      "mode": "managed",
      "type": "aws_iam_role",
      "name": "node_role",
      "provider": "provider[\"registry.terraform.io/hashicorp/aws\"]",
      "instances": [
        {
          "schema_version": 0,
          "attributes": {
            "arn": "arn:aws:iam::390402557273:role/my-eks-cluster-node-role",
            "assume_role_policy": "{\"Statement\":[{\"Action\":\"sts:AssumeRole\",\"Effect\":\"Allow\",\"Principal\":{\"Service\":\"ec2.amazonaws.com\"}}],\"Version\":\"2012-10-17\"}",
            "create_date": "2024-09-27T17:22:56Z",
            "description": "",
            "force_detach_policies": false,
            "id": "my-eks-cluster-node-role",
            "inline_policy": [],
            "managed_policy_arns": [],
            "max_session_duration": 3600,
            "name": "my-eks-cluster-node-role",
            "name_prefix": "",
            "path": "/",
            "permissions_boundary": "",
            "tags": null,
            "tags_all": {},
            "unique_id": "AROAVVZOOIVMW23OEXBPH"
          },
          "sensitive_attributes": [],
          "private": "bnVsbA=="
        }
      ]
    },
    {
      "module": "module.iam",
      "mode": "managed",
      "type": "aws_iam_role_policy_attachment",
      "name": "eks_policy",
      "provider": "provider[\"registry.terraform.io/hashicorp/aws\"]",
      "instances": [
        {
          "schema_version": 0,
          "attributes": {
            "id": "my-eks-cluster-eks-role-20240927172256617800000002",
            "policy_arn": "arn:aws:iam::390402557273:policy/my-eks-policy",
            "role": "my-eks-cluster-eks-role"
          },
          "sensitive_attributes": [],
          "private": "bnVsbA==",
          "dependencies": [
            "module.iam.aws_iam_policy.eks_policy",
            "module.iam.aws_iam_role.eks_role"
          ]
        }
      ]
    },
    {
      "module": "module.iam",
      "mode": "managed",
      "type": "aws_iam_role_policy_attachment",
      "name": "node_policy",
      "provider": "provider[\"registry.terraform.io/hashicorp/aws\"]",
      "instances": [
        {
          "schema_version": 0,
          "attributes": {
            "id": "my-eks-cluster-node-role-20240927172256705300000003",
            "policy_arn": "arn:aws:iam::390402557273:policy/my-node-policy",
            "role": "my-eks-cluster-node-role"
          },
          "sensitive_attributes": [],
          "private": "bnVsbA==",
          "dependencies": [
            "module.iam.aws_iam_policy.node_policy",
            "module.iam.aws_iam_role.node_role"
          ]
        }
      ]
    },
    {
      "module": "module.network",
      "mode": "managed",
      "type": "aws_subnet",
      "name": "subnet",
      "provider": "provider[\"registry.terraform.io/hashicorp/aws\"]",
      "instances": [
        {
          "index_key": 0,
          "schema_version": 1,
          "attributes": {
            "arn": "arn:aws:ec2:us-east-1:390402557273:subnet/subnet-0d58569203d5ccf13",
            "assign_ipv6_address_on_creation": false,
            "availability_zone": "us-east-1a",
            "availability_zone_id": "use1-az2",
            "cidr_block": "10.0.0.0/24",
            "customer_owned_ipv4_pool": "",
            "enable_dns64": false,
            "enable_lni_at_device_index": 0,
            "enable_resource_name_dns_a_record_on_launch": false,
            "enable_resource_name_dns_aaaa_record_on_launch": false,
            "id": "subnet-0d58569203d5ccf13",
            "ipv6_cidr_block": "",
            "ipv6_cidr_block_association_id": "",
            "ipv6_native": false,
            "map_customer_owned_ip_on_launch": false,
            "map_public_ip_on_launch": false,
            "outpost_arn": "",
            "owner_id": "390402557273",
            "private_dns_hostname_type_on_launch": "ip-name",
            "tags": {},
            "tags_all": {},
            "timeouts": null,
            "vpc_id": "vpc-041e0d086db6051f3"
          },
          "sensitive_attributes": [],
          "private": "eyJlMmJmYjczMC1lY2FhLTExZTYtOGY4OC0zNDM2M2JjN2M0YzAiOnsiY3JlYXRlIjo2MDAwMDAwMDAwMDAsImRlbGV0ZSI6MTIwMDAwMDAwMDAwMH0sInNjaGVtYV92ZXJzaW9uIjoiMSJ9",
          "dependencies": [
            "module.network.aws_vpc.vpc"
          ]
        },
        {
          "index_key": 1,
          "schema_version": 1,
          "attributes": {
            "arn": "arn:aws:ec2:us-east-1:390402557273:subnet/subnet-0c48badc21aa8d83c",
            "assign_ipv6_address_on_creation": false,
            "availability_zone": "us-east-1b",
            "availability_zone_id": "use1-az4",
            "cidr_block": "10.0.1.0/24",
            "customer_owned_ipv4_pool": "",
            "enable_dns64": false,
            "enable_lni_at_device_index": 0,
            "enable_resource_name_dns_a_record_on_launch": false,
            "enable_resource_name_dns_aaaa_record_on_launch": false,
            "id": "subnet-0c48badc21aa8d83c",
            "ipv6_cidr_block": "",
            "ipv6_cidr_block_association_id": "",
            "ipv6_native": false,
            "map_customer_owned_ip_on_launch": false,
            "map_public_ip_on_launch": false,
            "outpost_arn": "",
            "owner_id": "390402557273",
            "private_dns_hostname_type_on_launch": "ip-name",
            "tags": {},
            "tags_all": {},
            "timeouts": null,
            "vpc_id": "vpc-041e0d086db6051f3"
          },
          "sensitive_attributes": [],
          "private": "eyJlMmJmYjczMC1lY2FhLTExZTYtOGY4OC0zNDM2M2JjN2M0YzAiOnsiY3JlYXRlIjo2MDAwMDAwMDAwMDAsImRlbGV0ZSI6MTIwMDAwMDAwMDAwMH0sInNjaGVtYV92ZXJzaW9uIjoiMSJ9",
          "dependencies": [
            "module.network.aws_vpc.vpc"
          ]
        }
      ]
    },
    {
      "module": "module.network",
      "mode": "managed",
      "type": "aws_vpc",
      "name": "vpc",
      "provider": "provider[\"registry.terraform.io/hashicorp/aws\"]",
      "instances": [
        {
          "schema_version": 1,
          "attributes": {
            "arn": "arn:aws:ec2:us-east-1:390402557273:vpc/vpc-041e0d086db6051f3",
            "assign_generated_ipv6_cidr_block": false,
            "cidr_block": "10.0.0.0/16",
            "default_network_acl_id": "acl-03cbd291884a1ee33",
            "default_route_table_id": "rtb-0c5bbcc4417344bed",
            "default_security_group_id": "sg-02abe4796af7a4a52",
            "dhcp_options_id": "dopt-09147fa2738c99850",
            "enable_dns_hostnames": false,
            "enable_dns_support": true,
            "enable_network_address_usage_metrics": false,
            "id": "vpc-041e0d086db6051f3",
            "instance_tenancy": "default",
            "ipv4_ipam_pool_id": null,
            "ipv4_netmask_length": null,
            "ipv6_association_id": "",
            "ipv6_cidr_block": "",
            "ipv6_cidr_block_network_border_group": "",
            "ipv6_ipam_pool_id": "",
            "ipv6_netmask_length": 0,
            "main_route_table_id": "rtb-0c5bbcc4417344bed",
            "owner_id": "390402557273",
            "tags": {
              "Name": "eks-vpc"
            },
            "tags_all": {
              "Name": "eks-vpc"
            }
          },
          "sensitive_attributes": [],
          "private": "eyJzY2hlbWFfdmVyc2lvbiI6IjEifQ=="
        }
      ]
    }
  ],
  "check_results": null
}
